
Microsoft Visual Studio Solution File, Format Version 12.00
Project("{FAE04EC0-301F-11D3-BF4B-00C04F79EFBC}") = "PizzaShack", "PizzaShack\PizzaShack.csproj", "{2BD308D8-CCE9-4562-BE35-526988690863}"
EndProject
Project("{2150E333-8FDC-42A3-9474-1A3956D46DE8}") = "Frontend", "Frontend", "{D3FFDFBE-7DC3-43BB-9F18-44B9A5E5E764}"
EndProject
Project("{2150E333-8FDC-42A3-9474-1A3956D46DE8}") = "Menu", "Menu", "{7B38539C-1A6B-406E-86F3-DD13E38E2A39}"
EndProject
Project("{2150E333-8FDC-42A3-9474-1A3956D46DE8}") = "Device", "Device", "{6C371A02-9899-4D49-907C-1DFB15106B6A}"
EndProject
Project("{2150E333-8FDC-42A3-9474-1A3956D46DE8}") = "Orders", "Orders", "{1141948E-8E2B-4790-ADF1-6BA054FC5E44}"
EndProject
Project("{2150E333-8FDC-42A3-9474-1A3956D46DE8}") = "Gateway", "Gateway", "{9BE22AB5-C19F-4087-9AD9-9D5C6AF5A0EB}"
EndProject
Project("{2150E333-8FDC-42A3-9474-1A3956D46DE8}") = "Solution Items", "Solution Items", "{1BD94F27-54C2-49A7-81F1-D4378C06F599}"
	ProjectSection(SolutionItems) = preProject
		docker-compose.yml = docker-compose.yml
	EndProjectSection
EndProject
Project("{FAE04EC0-301F-11D3-BF4B-00C04F79EFBC}") = "Gateway", "src\Gateway\Gateway\Gateway.csproj", "{9AF717D8-BDE3-42B2-BFD0-9AC5178B8A38}"
EndProject
Project("{FAE04EC0-301F-11D3-BF4B-00C04F79EFBC}") = "Menu.Api", "src\Menu\Menu.Api\Menu.Api.csproj", "{1D5A99DB-7929-4B1F-9E49-3ECD349F5F0C}"
EndProject
Project("{2150E333-8FDC-42A3-9474-1A3956D46DE8}") = "Production", "Production", "{A5803605-CF67-4404-AF9D-BD8E72E58B7C}"
EndProject
Project("{FAE04EC0-301F-11D3-BF4B-00C04F79EFBC}") = "Menu.Worker", "src\Menu\Menu.Worker\Menu.Worker.csproj", "{04886610-9A47-4504-B186-CD1E8F5AE4BD}"
EndProject
Project("{FAE04EC0-301F-11D3-BF4B-00C04F79EFBC}") = "Menu.Domain", "src\Menu\Menu.Domain\Menu.Domain.csproj", "{248B76E3-F3FC-4CF2-9B38-78D6EB930E97}"
EndProject
Project("{FAE04EC0-301F-11D3-BF4B-00C04F79EFBC}") = "Menu.Application", "src\Menu\Menu.Application\Menu.Application.csproj", "{2BC6D432-8EC9-4DBC-8985-1E6BB2AB7852}"
EndProject
Project("{FAE04EC0-301F-11D3-BF4B-00C04F79EFBC}") = "Menu.Infrastructure", "src\Menu\Menu.Infrastructure\Menu.Infrastructure.csproj", "{F8702D98-5AFB-4F07-9978-766E81993041}"
EndProject
Project("{FAE04EC0-301F-11D3-BF4B-00C04F79EFBC}") = "Menu.Messages", "src\Menu\Menu.Messages\Menu.Messages.csproj", "{DB7363A5-9B74-448D-9878-75C9A330C488}"
EndProject
Project("{FAE04EC0-301F-11D3-BF4B-00C04F79EFBC}") = "Menu.Client", "src\Menu\Menu.ApiClient\Menu.Client\Menu.Client.csproj", "{4BC0B704-CE77-45E9-8427-EE8615683564}"
EndProject
Project("{2150E333-8FDC-42A3-9474-1A3956D46DE8}") = "Notifications", "Notifications", "{481635E9-8265-4022-986F-3118116E7E0D}"
EndProject
Project("{FAE04EC0-301F-11D3-BF4B-00C04F79EFBC}") = "Gateway.ApiClient", "src\Gateway\Gateway.ApiClient\Gateway.ApiClient\Gateway.ApiClient.csproj", "{4E7A27A0-3446-46FB-82BF-85918AB65C41}"
EndProject
Project("{FAE04EC0-301F-11D3-BF4B-00C04F79EFBC}") = "PizzaFrontend", "PizzaFrontend\PizzaFrontend.csproj", "{33107960-A498-424A-AFE5-3BDFD5F02F04}"
EndProject
Global
	GlobalSection(SolutionConfigurationPlatforms) = preSolution
		Debug|Any CPU = Debug|Any CPU
		Release|Any CPU = Release|Any CPU
	EndGlobalSection
	GlobalSection(ProjectConfigurationPlatforms) = postSolution
		{2BD308D8-CCE9-4562-BE35-526988690863}.Debug|Any CPU.ActiveCfg = Debug|Any CPU
		{2BD308D8-CCE9-4562-BE35-526988690863}.Debug|Any CPU.Build.0 = Debug|Any CPU
		{2BD308D8-CCE9-4562-BE35-526988690863}.Release|Any CPU.ActiveCfg = Release|Any CPU
		{2BD308D8-CCE9-4562-BE35-526988690863}.Release|Any CPU.Build.0 = Release|Any CPU
		{9AF717D8-BDE3-42B2-BFD0-9AC5178B8A38}.Debug|Any CPU.ActiveCfg = Debug|Any CPU
		{9AF717D8-BDE3-42B2-BFD0-9AC5178B8A38}.Debug|Any CPU.Build.0 = Debug|Any CPU
		{9AF717D8-BDE3-42B2-BFD0-9AC5178B8A38}.Release|Any CPU.ActiveCfg = Release|Any CPU
		{9AF717D8-BDE3-42B2-BFD0-9AC5178B8A38}.Release|Any CPU.Build.0 = Release|Any CPU
		{1D5A99DB-7929-4B1F-9E49-3ECD349F5F0C}.Debug|Any CPU.ActiveCfg = Debug|Any CPU
		{1D5A99DB-7929-4B1F-9E49-3ECD349F5F0C}.Debug|Any CPU.Build.0 = Debug|Any CPU
		{1D5A99DB-7929-4B1F-9E49-3ECD349F5F0C}.Release|Any CPU.ActiveCfg = Release|Any CPU
		{1D5A99DB-7929-4B1F-9E49-3ECD349F5F0C}.Release|Any CPU.Build.0 = Release|Any CPU
		{04886610-9A47-4504-B186-CD1E8F5AE4BD}.Debug|Any CPU.ActiveCfg = Debug|Any CPU
		{04886610-9A47-4504-B186-CD1E8F5AE4BD}.Debug|Any CPU.Build.0 = Debug|Any CPU
		{04886610-9A47-4504-B186-CD1E8F5AE4BD}.Release|Any CPU.ActiveCfg = Release|Any CPU
		{04886610-9A47-4504-B186-CD1E8F5AE4BD}.Release|Any CPU.Build.0 = Release|Any CPU
		{248B76E3-F3FC-4CF2-9B38-78D6EB930E97}.Debug|Any CPU.ActiveCfg = Debug|Any CPU
		{248B76E3-F3FC-4CF2-9B38-78D6EB930E97}.Debug|Any CPU.Build.0 = Debug|Any CPU
		{248B76E3-F3FC-4CF2-9B38-78D6EB930E97}.Release|Any CPU.ActiveCfg = Release|Any CPU
		{248B76E3-F3FC-4CF2-9B38-78D6EB930E97}.Release|Any CPU.Build.0 = Release|Any CPU
		{2BC6D432-8EC9-4DBC-8985-1E6BB2AB7852}.Debug|Any CPU.ActiveCfg = Debug|Any CPU
		{2BC6D432-8EC9-4DBC-8985-1E6BB2AB7852}.Debug|Any CPU.Build.0 = Debug|Any CPU
		{2BC6D432-8EC9-4DBC-8985-1E6BB2AB7852}.Release|Any CPU.ActiveCfg = Release|Any CPU
		{2BC6D432-8EC9-4DBC-8985-1E6BB2AB7852}.Release|Any CPU.Build.0 = Release|Any CPU
		{F8702D98-5AFB-4F07-9978-766E81993041}.Debug|Any CPU.ActiveCfg = Debug|Any CPU
		{F8702D98-5AFB-4F07-9978-766E81993041}.Debug|Any CPU.Build.0 = Debug|Any CPU
		{F8702D98-5AFB-4F07-9978-766E81993041}.Release|Any CPU.ActiveCfg = Release|Any CPU
		{F8702D98-5AFB-4F07-9978-766E81993041}.Release|Any CPU.Build.0 = Release|Any CPU
		{DB7363A5-9B74-448D-9878-75C9A330C488}.Debug|Any CPU.ActiveCfg = Debug|Any CPU
		{DB7363A5-9B74-448D-9878-75C9A330C488}.Debug|Any CPU.Build.0 = Debug|Any CPU
		{DB7363A5-9B74-448D-9878-75C9A330C488}.Release|Any CPU.ActiveCfg = Release|Any CPU
		{DB7363A5-9B74-448D-9878-75C9A330C488}.Release|Any CPU.Build.0 = Release|Any CPU
		{873453F0-EB71-48A8-B979-EFDB992CFA78}.Debug|Any CPU.ActiveCfg = Debug|Any CPU
		{873453F0-EB71-48A8-B979-EFDB992CFA78}.Debug|Any CPU.Build.0 = Debug|Any CPU
		{873453F0-EB71-48A8-B979-EFDB992CFA78}.Release|Any CPU.ActiveCfg = Release|Any CPU
		{873453F0-EB71-48A8-B979-EFDB992CFA78}.Release|Any CPU.Build.0 = Release|Any CPU
		{4BC0B704-CE77-45E9-8427-EE8615683564}.Debug|Any CPU.ActiveCfg = Debug|Any CPU
		{4BC0B704-CE77-45E9-8427-EE8615683564}.Debug|Any CPU.Build.0 = Debug|Any CPU
		{4BC0B704-CE77-45E9-8427-EE8615683564}.Release|Any CPU.ActiveCfg = Release|Any CPU
		{4BC0B704-CE77-45E9-8427-EE8615683564}.Release|Any CPU.Build.0 = Release|Any CPU
		{4E7A27A0-3446-46FB-82BF-85918AB65C41}.Debug|Any CPU.ActiveCfg = Debug|Any CPU
		{4E7A27A0-3446-46FB-82BF-85918AB65C41}.Debug|Any CPU.Build.0 = Debug|Any CPU
		{4E7A27A0-3446-46FB-82BF-85918AB65C41}.Release|Any CPU.ActiveCfg = Release|Any CPU
		{4E7A27A0-3446-46FB-82BF-85918AB65C41}.Release|Any CPU.Build.0 = Release|Any CPU
		{33107960-A498-424A-AFE5-3BDFD5F02F04}.Debug|Any CPU.ActiveCfg = Debug|Any CPU
		{33107960-A498-424A-AFE5-3BDFD5F02F04}.Debug|Any CPU.Build.0 = Debug|Any CPU
		{33107960-A498-424A-AFE5-3BDFD5F02F04}.Release|Any CPU.ActiveCfg = Release|Any CPU
		{33107960-A498-424A-AFE5-3BDFD5F02F04}.Release|Any CPU.Build.0 = Release|Any CPU
	EndGlobalSection
	GlobalSection(NestedProjects) = preSolution
		{9AF717D8-BDE3-42B2-BFD0-9AC5178B8A38} = {9BE22AB5-C19F-4087-9AD9-9D5C6AF5A0EB}
		{1D5A99DB-7929-4B1F-9E49-3ECD349F5F0C} = {7B38539C-1A6B-406E-86F3-DD13E38E2A39}
		{04886610-9A47-4504-B186-CD1E8F5AE4BD} = {7B38539C-1A6B-406E-86F3-DD13E38E2A39}
		{248B76E3-F3FC-4CF2-9B38-78D6EB930E97} = {7B38539C-1A6B-406E-86F3-DD13E38E2A39}
		{2BC6D432-8EC9-4DBC-8985-1E6BB2AB7852} = {7B38539C-1A6B-406E-86F3-DD13E38E2A39}
		{F8702D98-5AFB-4F07-9978-766E81993041} = {7B38539C-1A6B-406E-86F3-DD13E38E2A39}
		{DB7363A5-9B74-448D-9878-75C9A330C488} = {7B38539C-1A6B-406E-86F3-DD13E38E2A39}
		{4BC0B704-CE77-45E9-8427-EE8615683564} = {7B38539C-1A6B-406E-86F3-DD13E38E2A39}
		{4E7A27A0-3446-46FB-82BF-85918AB65C41} = {9BE22AB5-C19F-4087-9AD9-9D5C6AF5A0EB}
		{33107960-A498-424A-AFE5-3BDFD5F02F04} = {D3FFDFBE-7DC3-43BB-9F18-44B9A5E5E764}
	EndGlobalSection
EndGlobal
